
Microsoft Visual Studio Solution File, Format Version 12.00
# Visual Studio Version 17
VisualStudioVersion = 17.9.34723.18
MinimumVisualStudioVersion = 10.0.40219.1
Project("{FAE04EC0-301F-11D3-BF4B-00C04F79EFBC}") = "WeatherTask", "WeatherTask\WeatherTask.csproj", "{D8DC42C8-AFA5-46B0-83EB-5CA22D786E99}"
EndProject
Global
	GlobalSection(SolutionConfigurationPlatforms) = preSolution
		Debug|Any CPU = Debug|Any CPU
		Release|Any CPU = Release|Any CPU
	EndGlobalSection
	GlobalSection(ProjectConfigurationPlatforms) = postSolution
		{D8DC42C8-AFA5-46B0-83EB-5CA22D786E99}.Debug|Any CPU.ActiveCfg = Debug|Any CPU
		{D8DC42C8-AFA5-46B0-83EB-5CA22D786E99}.Debug|Any CPU.Build.0 = Debug|Any CPU
		{D8DC42C8-AFA5-46B0-83EB-5CA22D786E99}.Release|Any CPU.ActiveCfg = Release|Any CPU
		{D8DC42C8-AFA5-46B0-83EB-5CA22D786E99}.Release|Any CPU.Build.0 = Release|Any CPU
	EndGlobalSection
	GlobalSection(SolutionProperties) = preSolution
		HideSolutionNode = FALSE
	EndGlobalSection
	GlobalSection(ExtensibilityGlobals) = postSolution
		SolutionGuid = {F1C9EE3B-AC42-4F46-B492-78C3F4CABF2B}
	EndGlobalSection
EndGlobal
